
Microsoft Visual Studio Solution File, Format Version 12.00
# Visual Studio Version 17
VisualStudioVersion = 17.4.33110.190
MinimumVisualStudioVersion = 10.0.40219.1
Project("{FAE04EC0-301F-11D3-BF4B-00C04F79EFBC}") = "ContactosReact", "ContactosReact\ContactosReact.csproj", "{C5CA9DBE-28ED-416C-AFCE-5A0E77B1CA03}"
EndProject
Global
	GlobalSection(SolutionConfigurationPlatforms) = preSolution
		Debug|Any CPU = Debug|Any CPU
		Release|Any CPU = Release|Any CPU
	EndGlobalSection
	GlobalSection(ProjectConfigurationPlatforms) = postSolution
		{C5CA9DBE-28ED-416C-AFCE-5A0E77B1CA03}.Debug|Any CPU.ActiveCfg = Debug|Any CPU
		{C5CA9DBE-28ED-416C-AFCE-5A0E77B1CA03}.Debug|Any CPU.Build.0 = Debug|Any CPU
		{C5CA9DBE-28ED-416C-AFCE-5A0E77B1CA03}.Release|Any CPU.ActiveCfg = Release|Any CPU
		{C5CA9DBE-28ED-416C-AFCE-5A0E77B1CA03}.Release|Any CPU.Build.0 = Release|Any CPU
	EndGlobalSection
	GlobalSection(SolutionProperties) = preSolution
		HideSolutionNode = FALSE
	EndGlobalSection
	GlobalSection(ExtensibilityGlobals) = postSolution
		SolutionGuid = {FDD1C0AC-063D-4FAE-896F-871B02DDF9F5}
	EndGlobalSection
EndGlobal
